
Microsoft Visual Studio Solution File, Format Version 12.00
# Visual Studio Version 16
VisualStudioVersion = 16.0.30011.22
MinimumVisualStudioVersion = 10.0.40219.1
Project("{9A19103F-16F7-4668-BE54-9A1E7A4F7556}") = "SomeWebShowroom.MVC", "SomeWebShowroom.MVC\SomeWebShowroom.MVC.csproj", "{A8CBC012-2CE8-433B-AE2E-F5A0F112BB35}"
EndProject
Project("{FAE04EC0-301F-11D3-BF4B-00C04F79EFBC}") = "SomeWebShowroom.Test", "SomeWebShowroom.Test\SomeWebShowroom.Test.csproj", "{0B00C7BA-82E5-467C-8B6F-C5F2615F193D}"
EndProject
Global
	GlobalSection(SolutionConfigurationPlatforms) = preSolution
		Debug|Any CPU = Debug|Any CPU
		Release|Any CPU = Release|Any CPU
	EndGlobalSection
	GlobalSection(ProjectConfigurationPlatforms) = postSolution
		{A8CBC012-2CE8-433B-AE2E-F5A0F112BB35}.Debug|Any CPU.ActiveCfg = Debug|Any CPU
		{A8CBC012-2CE8-433B-AE2E-F5A0F112BB35}.Debug|Any CPU.Build.0 = Debug|Any CPU
		{A8CBC012-2CE8-433B-AE2E-F5A0F112BB35}.Release|Any CPU.ActiveCfg = Release|Any CPU
		{A8CBC012-2CE8-433B-AE2E-F5A0F112BB35}.Release|Any CPU.Build.0 = Release|Any CPU
		{0B00C7BA-82E5-467C-8B6F-C5F2615F193D}.Debug|Any CPU.ActiveCfg = Debug|Any CPU
		{0B00C7BA-82E5-467C-8B6F-C5F2615F193D}.Debug|Any CPU.Build.0 = Debug|Any CPU
		{0B00C7BA-82E5-467C-8B6F-C5F2615F193D}.Release|Any CPU.ActiveCfg = Release|Any CPU
		{0B00C7BA-82E5-467C-8B6F-C5F2615F193D}.Release|Any CPU.Build.0 = Release|Any CPU
	EndGlobalSection
	GlobalSection(SolutionProperties) = preSolution
		HideSolutionNode = FALSE
	EndGlobalSection
	GlobalSection(ExtensibilityGlobals) = postSolution
		SolutionGuid = {ADC771A5-08D4-4C5E-81BD-016D8A57E6B3}
	EndGlobalSection
EndGlobal
